Microsoft Visual Studio Solution File, Format Version 12.00
# Visual Studio Version 17
VisualStudioVersion = 17.4.33213.308
MinimumVisualStudioVersion = 10.0.40219.1
Project("{2150E333-8FDC-42A3-9474-1A3956D46DE8}") = "src", "src", "{831DDCA2-7D2C-4C31-80DB-6BDB3E1F7AE0}"
EndProject
Project("{2150E333-8FDC-42A3-9474-1A3956D46DE8}") = "samples", "samples", "{FA3720F1-C99A-49B2-9577-A940257098BF}"
	ProjectSection(SolutionItems) = preProject
		..\samples\dotnet\Directory.Build.props = ..\samples\dotnet\Directory.Build.props
		..\samples\dotnet\Directory.Build.targets = ..\samples\dotnet\Directory.Build.targets
		..\samples\dotnet\Directory.Packages.props = ..\samples\dotnet\Directory.Packages.props
	EndProjectSection
EndProject
Project("{9A19103F-16F7-4668-BE54-9A1E7A4F7556}") = "IntegrationTests", "src\IntegrationTests\IntegrationTests.csproj", "{E4B777A1-28E1-41BE-96AE-7F3EC61FD5D4}"
EndProject
Project("{2150E333-8FDC-42A3-9474-1A3956D46DE8}") = "Solution Items", "Solution Items", "{158A4E5E-AEE0-4D60-83C7-8E089B2D881D}"
	ProjectSection(SolutionItems) = preProject
		..\.editorconfig = ..\.editorconfig
		..\.gitignore = ..\.gitignore
		Directory.Build.props = Directory.Build.props
		Directory.Packages.props = Directory.Packages.props
		..\.github\workflows\dotnet-format.yml = ..\.github\workflows\dotnet-format.yml
		..\README.md = ..\README.md
	EndProjectSection
EndProject
Project("{9A19103F-16F7-4668-BE54-9A1E7A4F7556}") = "SemanticKernel.UnitTests", "src\SemanticKernel.UnitTests\SemanticKernel.UnitTests.csproj", "{37E39C68-5A40-4E63-9D3C-0C66AD98DFCB}"
EndProject
Project("{2150E333-8FDC-42A3-9474-1A3956D46DE8}") = "nuget", "nuget", "{F4243136-252A-4459-A7C4-EE8C056D6B0B}"
	ProjectSection(SolutionItems) = preProject
		nuget\icon.png = nuget\icon.png
		nuget\nuget-package.props = nuget\nuget-package.props
		nuget\NUGET.md = nuget\NUGET.md
	EndProjectSection
EndProject
Project("{2150E333-8FDC-42A3-9474-1A3956D46DE8}") = "connectors", "connectors", "{0247C2C9-86C3-45BA-8873-28B0948EDC0C}"
EndProject
Project("{9A19103F-16F7-4668-BE54-9A1E7A4F7556}") = "Connectors.UnitTests", "src\Connectors\Connectors.UnitTests\Connectors.UnitTests.csproj", "{EB3FC57F-E591-4C88-BCD5-B6A1BC635168}"
EndProject
Project("{9A19103F-16F7-4668-BE54-9A1E7A4F7556}") = "Connectors.Memory.Qdrant", "src\Connectors\Connectors.Memory.Qdrant\Connectors.Memory.Qdrant.csproj", "{5DEBAA62-F117-496A-8778-FED3604B70E2}"
EndProject
Project("{9A19103F-16F7-4668-BE54-9A1E7A4F7556}") = "Connectors.Memory.Sqlite", "src\Connectors\Connectors.Memory.Sqlite\Connectors.Memory.Sqlite.csproj", "{EC004F12-2F60-4EDD-B3CD-3A504900D929}"
EndProject
Project("{9A19103F-16F7-4668-BE54-9A1E7A4F7556}") = "Connectors.Memory.Postgres", "src\Connectors\Connectors.Memory.Postgres\Connectors.Memory.Postgres.csproj", "{C9F957FA-A70F-4A6D-8F95-23FCD7F4FB87}"
EndProject
Project("{9A19103F-16F7-4668-BE54-9A1E7A4F7556}") = "Connectors.Memory.Redis", "src\Connectors\Connectors.Memory.Redis\Connectors.Memory.Redis.csproj", "{3720F5ED-FB4D-485E-8A93-CDE60DEF0805}"
EndProject
Project("{9A19103F-16F7-4668-BE54-9A1E7A4F7556}") = "Connectors.AI.OpenAI", "src\Connectors\Connectors.AI.OpenAI\Connectors.AI.OpenAI.csproj", "{AFA81EB7-F869-467D-8A90-744305D80AAC}"
EndProject
Project("{9A19103F-16F7-4668-BE54-9A1E7A4F7556}") = "SemanticKernel.Abstractions", "src\SemanticKernel.Abstractions\SemanticKernel.Abstractions.csproj", "{627742DB-1E52-468A-99BD-6FF1A542D25B}"
EndProject
Project("{9A19103F-16F7-4668-BE54-9A1E7A4F7556}") = "SemanticKernel.MetaPackage", "src\SemanticKernel.MetaPackage\SemanticKernel.MetaPackage.csproj", "{E3299033-EB81-4C4C-BCD9-E8DC40937969}"
EndProject
Project("{2150E333-8FDC-42A3-9474-1A3956D46DE8}") = "extensions", "extensions", "{078F96B4-09E1-4E0E-B214-F71A4F4BF633}"
EndProject
Project("{9A19103F-16F7-4668-BE54-9A1E7A4F7556}") = "Extensions.UnitTests", "src\Extensions\Extensions.UnitTests\Extensions.UnitTests.csproj", "{F51017A9-15C8-472D-893C-080046D710A6}"
EndProject
Project("{9A19103F-16F7-4668-BE54-9A1E7A4F7556}") = "Connectors.Memory.Pinecone", "src\Connectors\Connectors.Memory.Pinecone\Connectors.Memory.Pinecone.csproj", "{4D226C2F-AE9F-4EFB-AF2D-45C8FE5CB34E}"
EndProject
Project("{9A19103F-16F7-4668-BE54-9A1E7A4F7556}") = "Connectors.AI.HuggingFace", "src\Connectors\Connectors.AI.HuggingFace\Connectors.AI.HuggingFace.csproj", "{136823BE-8665-4D57-87E0-EF41535539E2}"
EndProject
Project("{2150E333-8FDC-42A3-9474-1A3956D46DE8}") = "InternalUtilities", "InternalUtilities", "{4D3DAE63-41C6-4E1C-A35A-E77BDFC40675}"
EndProject
Project("{9A19103F-16F7-4668-BE54-9A1E7A4F7556}") = "Connectors.Memory.Weaviate", "src\Connectors\Connectors.Memory.Weaviate\Connectors.Memory.Weaviate.csproj", "{6AAB0620-33A1-4A98-A63B-6560B9BA47A4}"
EndProject
Project("{9A19103F-16F7-4668-BE54-9A1E7A4F7556}") = "Connectors.Memory.DuckDB", "src\Connectors\Connectors.Memory.DuckDB\Connectors.Memory.DuckDB.csproj", "{50FAE231-6F24-4779-9D02-12ABBC9A49E2}"
EndProject
Project("{2150E333-8FDC-42A3-9474-1A3956D46DE8}") = "test", "test", "{5C246969-D794-4EC3-8E8F-F90D4D166420}"
	ProjectSection(SolutionItems) = preProject
		src\InternalUtilities\test\AssertExtensions.cs = src\InternalUtilities\test\AssertExtensions.cs
		src\InternalUtilities\test\FunctionHelpers.cs = src\InternalUtilities\test\FunctionHelpers.cs
		src\InternalUtilities\test\TestInternalUtilities.props = src\InternalUtilities\test\TestInternalUtilities.props
	EndProjectSection
EndProject
Project("{2150E333-8FDC-42A3-9474-1A3956D46DE8}") = "src", "src", "{958AD708-F048-4FAF-94ED-D2F2B92748B9}"
	ProjectSection(SolutionItems) = preProject
		src\InternalUtilities\src\InternalUtilities.props = src\InternalUtilities\src\InternalUtilities.props
	EndProjectSection
EndProject
Project("{2150E333-8FDC-42A3-9474-1A3956D46DE8}") = "Diagnostics", "Diagnostics", "{29E7D971-1308-4171-9872-E8E4669A1134}"
	ProjectSection(SolutionItems) = preProject
		src\InternalUtilities\src\Diagnostics\CompilerServicesAttributes.cs = src\InternalUtilities\src\Diagnostics\CompilerServicesAttributes.cs
		src\InternalUtilities\src\Diagnostics\ExceptionExtensions.cs = src\InternalUtilities\src\Diagnostics\ExceptionExtensions.cs
		src\InternalUtilities\src\Diagnostics\HttpStatusCodeType.cs = src\InternalUtilities\src\Diagnostics\HttpStatusCodeType.cs
		src\InternalUtilities\src\Diagnostics\NullableAttributes.cs = src\InternalUtilities\src\Diagnostics\NullableAttributes.cs
		src\InternalUtilities\src\Diagnostics\Verify.cs = src\InternalUtilities\src\Diagnostics\Verify.cs
	EndProjectSection
EndProject
Project("{2150E333-8FDC-42A3-9474-1A3956D46DE8}") = "Linq", "Linq", "{B00AD427-0047-4850-BEF9-BA8237EA9D8B}"
	ProjectSection(SolutionItems) = preProject
		src\InternalUtilities\src\Linq\AsyncEnumerable.cs = src\InternalUtilities\src\Linq\AsyncEnumerable.cs
	EndProjectSection
EndProject
Project("{2150E333-8FDC-42A3-9474-1A3956D46DE8}") = "Text", "Text", "{DB950192-30F1-48B1-88D7-F43FECCA1A1C}"
	ProjectSection(SolutionItems) = preProject
		src\InternalUtilities\src\Text\Json.cs = src\InternalUtilities\src\Text\Json.cs
		src\InternalUtilities\src\Text\StringExtensions.cs = src\InternalUtilities\src\Text\StringExtensions.cs
	EndProjectSection
EndProject
Project("{2150E333-8FDC-42A3-9474-1A3956D46DE8}") = "Http", "Http", "{1C19D805-3573-4477-BF07-40180FCDE1BD}"
	ProjectSection(SolutionItems) = preProject
		src\InternalUtilities\src\Http\HttpClientProvider.cs = src\InternalUtilities\src\Http\HttpClientProvider.cs
		src\InternalUtilities\src\Http\NonDisposableHttpClientHandler.cs = src\InternalUtilities\src\Http\NonDisposableHttpClientHandler.cs
	EndProjectSection
EndProject
Project("{9A19103F-16F7-4668-BE54-9A1E7A4F7556}") = "TxExperiment", "src\TxExperiment\TxExperiment.csproj", "{CF012BEB-B4CD-4743-8FEF-0C585F668C3D}"
EndProject
Project("{9A19103F-16F7-4668-BE54-9A1E7A4F7556}") = "TxTests", "src\TxTests\TxTests.csproj", "{A44112DF-FB48-47B9-8445-106647B3B6F3}"
EndProject
Project("{9A19103F-16F7-4668-BE54-9A1E7A4F7556}") = "SemanticKernel.Core", "src\SemanticKernel.Core\SemanticKernel.Core.csproj", "{13423A6A-DFAF-4C62-A793-B5E922919345}"
EndProject
Project("{9A19103F-16F7-4668-BE54-9A1E7A4F7556}") = "KernelSyntaxExamples", "samples\KernelSyntaxExamples\KernelSyntaxExamples.csproj", "{C64C8138-C3C2-484E-863C-9C0F71F52BAE}"
EndProject
Project("{9A19103F-16F7-4668-BE54-9A1E7A4F7556}") = "PromptTemplate.Handlebars", "src\Extensions\PromptTemplate.Handlebars\PromptTemplate.Handlebars.csproj", "{27E6E80B-6737-45F6-95AF-57138F72984F}"
EndProject
Project("{2150E333-8FDC-42A3-9474-1A3956D46DE8}") = "functions", "functions", "{F378D578-3C00-459B-9B2E-3D8D70FF09D2}"
EndProject
Project("{9A19103F-16F7-4668-BE54-9A1E7A4F7556}") = "Functions.Grpc", "src\Functions\Functions.Grpc\Functions.Grpc.csproj", "{EF53BCC4-B8F5-412C-BDA6-88B594779FC6}"
EndProject
Project("{9A19103F-16F7-4668-BE54-9A1E7A4F7556}") = "Functions.Markdown", "src\Functions\Functions.Markdown\Functions.Markdown.csproj", "{EEBEF566-B09D-4163-AD9A-2FB896C36DB4}"
EndProject
Project("{9A19103F-16F7-4668-BE54-9A1E7A4F7556}") = "Functions.OpenAPI", "src\Functions\Functions.OpenAPI\Functions.OpenAPI.csproj", "{C2860156-9024-494C-AE85-AFDEAA26E502}"
EndProject
Project("{9A19103F-16F7-4668-BE54-9A1E7A4F7556}") = "Functions.Yaml", "src\Functions\Functions.Yaml\Functions.Yaml.csproj", "{30ABFDD3-EB31-4631-AF1F-DFDFC51E8C12}"
EndProject
Project("{9A19103F-16F7-4668-BE54-9A1E7A4F7556}") = "Functions.UnitTests", "src\Functions\Functions.UnitTests\Functions.UnitTests.csproj", "{8F57B097-A3B4-4B29-B257-043CE4BFEFAF}"
EndProject
Project("{2150E333-8FDC-42A3-9474-1A3956D46DE8}") = "planning", "planning", "{C58074BF-81F7-43F0-9CE0-7C19B2A890F7}"
EndProject
Project("{2150E333-8FDC-42A3-9474-1A3956D46DE8}") = "planners", "planners", "{4576E111-661C-4980-AB8B-54EF65ECCA72}"
EndProject
Project("{9A19103F-16F7-4668-BE54-9A1E7A4F7556}") = "Planners.Handlebars", "src\Planners\Planners.Handlebars\Planners.Handlebars.csproj", "{2B918298-8B1D-4757-A2F1-78229F66BC7E}"
EndProject
Project("{9A19103F-16F7-4668-BE54-9A1E7A4F7556}") = "Planners.Handlebars.UnitTests", "src\Planners\Planners.Handlebars.UnitTests\Planners.Handlebars.UnitTests.csproj", "{3F728098-4D09-4E7B-9526-AFAA2A2F62DF}"
EndProject
Project("{9A19103F-16F7-4668-BE54-9A1E7A4F7556}") = "Planners.OpenAI", "src\Planners\Planners.OpenAI\Planners.OpenAI.csproj", "{AD7BA307-3029-4DB0-9DBE-30D5098E5E4E}"
EndProject
Project("{2150E333-8FDC-42A3-9474-1A3956D46DE8}") = "plugins", "plugins", "{64BE349D-4B0F-4EE1-A986-EDC5E0C5E963}"
EndProject
Project("{9A19103F-16F7-4668-BE54-9A1E7A4F7556}") = "Plugins.Core", "src\Plugins\Plugins.Core\Plugins.Core.csproj", "{335C96F3-0920-4EED-AD25-F621B46BA66D}"
EndProject
Project("{9A19103F-16F7-4668-BE54-9A1E7A4F7556}") = "Plugins.Document", "src\Plugins\Plugins.Document\Plugins.Document.csproj", "{C7CA9729-6AD4-41D7-A9FA-4542FC12AAA6}"
EndProject
Project("{9A19103F-16F7-4668-BE54-9A1E7A4F7556}") = "Plugins.Memory", "src\Plugins\Plugins.Memory\Plugins.Memory.csproj", "{1311FD8D-EE6D-4B9E-9E71-228C9EACAD55}"
EndProject
Project("{9A19103F-16F7-4668-BE54-9A1E7A4F7556}") = "Plugins.MsGraph", "src\Plugins\Plugins.MsGraph\Plugins.MsGraph.csproj", "{5994C7FB-B10D-4DD1-B08B-4D93F361C115}"
EndProject
Project("{9A19103F-16F7-4668-BE54-9A1E7A4F7556}") = "Plugins.Web", "src\Plugins\Plugins.Web\Plugins.Web.csproj", "{38C309A2-D21D-462E-AA69-39BCFA4F917C}"
EndProject
Project("{9A19103F-16F7-4668-BE54-9A1E7A4F7556}") = "Plugins.UnitTests", "src\Plugins\Plugins.UnitTests\Plugins.UnitTests.csproj", "{7DA420D2-4397-4F1A-AF62-106371CDCDF8}"
EndProject
Project("{9A19103F-16F7-4668-BE54-9A1E7A4F7556}") = "NCalcPlugins", "samples\NCalcPlugins\NCalcPlugins.csproj", "{DF8D8A2D-4E84-43DA-BF02-F715E1482B41}"
EndProject
Project("{9A19103F-16F7-4668-BE54-9A1E7A4F7556}") = "TelemetryExample", "samples\TelemetryExample\TelemetryExample.csproj", "{2DBC6065-2F7C-4366-B61A-F10E04F53E66}"
EndProject
Project("{2150E333-8FDC-42A3-9474-1A3956D46DE8}") = "TxDemos", "TxDemos", "{F027168C-B4FF-45B8-8C29-A599763EA245}"
EndProject
Project("{9A19103F-16F7-4668-BE54-9A1E7A4F7556}") = "DemoCommon", "..\samples\dotnet\TxDemos\DemoCommon\DemoCommon.csproj", "{882089BB-4F38-4D2B-BCDA-6A545B6B62FA}"
EndProject
Project("{9A19103F-16F7-4668-BE54-9A1E7A4F7556}") = "Demo01SemanticFunctions", "..\samples\dotnet\TxDemos\Demo01SemanticFunctions\Demo01SemanticFunctions.csproj", "{3459418B-8590-472E-B14F-BA37F263CCD6}"
EndProject
Global
	GlobalSection(SolutionConfigurationPlatforms) = preSolution
		Debug|Any CPU = Debug|Any CPU
		Publish|Any CPU = Publish|Any CPU
		Release|Any CPU = Release|Any CPU
	EndGlobalSection
	GlobalSection(ProjectConfigurationPlatforms) = postSolution
		{E4B777A1-28E1-41BE-96AE-7F3EC61FD5D4}.Debug|Any CPU.ActiveCfg = Debug|Any CPU
		{E4B777A1-28E1-41BE-96AE-7F3EC61FD5D4}.Debug|Any CPU.Build.0 = Debug|Any CPU
		{E4B777A1-28E1-41BE-96AE-7F3EC61FD5D4}.Publish|Any CPU.ActiveCfg = Release|Any CPU
		{E4B777A1-28E1-41BE-96AE-7F3EC61FD5D4}.Publish|Any CPU.Build.0 = Release|Any CPU
		{E4B777A1-28E1-41BE-96AE-7F3EC61FD5D4}.Release|Any CPU.ActiveCfg = Release|Any CPU
		{E4B777A1-28E1-41BE-96AE-7F3EC61FD5D4}.Release|Any CPU.Build.0 = Release|Any CPU
		{37E39C68-5A40-4E63-9D3C-0C66AD98DFCB}.Debug|Any CPU.ActiveCfg = Debug|Any CPU
		{37E39C68-5A40-4E63-9D3C-0C66AD98DFCB}.Debug|Any CPU.Build.0 = Debug|Any CPU
		{37E39C68-5A40-4E63-9D3C-0C66AD98DFCB}.Publish|Any CPU.ActiveCfg = Release|Any CPU
		{37E39C68-5A40-4E63-9D3C-0C66AD98DFCB}.Publish|Any CPU.Build.0 = Release|Any CPU
		{37E39C68-5A40-4E63-9D3C-0C66AD98DFCB}.Release|Any CPU.ActiveCfg = Release|Any CPU
		{37E39C68-5A40-4E63-9D3C-0C66AD98DFCB}.Release|Any CPU.Build.0 = Release|Any CPU
		{EB3FC57F-E591-4C88-BCD5-B6A1BC635168}.Debug|Any CPU.ActiveCfg = Debug|Any CPU
		{EB3FC57F-E591-4C88-BCD5-B6A1BC635168}.Debug|Any CPU.Build.0 = Debug|Any CPU
		{EB3FC57F-E591-4C88-BCD5-B6A1BC635168}.Publish|Any CPU.ActiveCfg = Release|Any CPU
		{EB3FC57F-E591-4C88-BCD5-B6A1BC635168}.Publish|Any CPU.Build.0 = Release|Any CPU
		{EB3FC57F-E591-4C88-BCD5-B6A1BC635168}.Release|Any CPU.ActiveCfg = Release|Any CPU
		{EB3FC57F-E591-4C88-BCD5-B6A1BC635168}.Release|Any CPU.Build.0 = Release|Any CPU
		{5DEBAA62-F117-496A-8778-FED3604B70E2}.Debug|Any CPU.ActiveCfg = Debug|Any CPU
		{5DEBAA62-F117-496A-8778-FED3604B70E2}.Debug|Any CPU.Build.0 = Debug|Any CPU
		{5DEBAA62-F117-496A-8778-FED3604B70E2}.Publish|Any CPU.ActiveCfg = Publish|Any CPU
		{5DEBAA62-F117-496A-8778-FED3604B70E2}.Publish|Any CPU.Build.0 = Publish|Any CPU
		{5DEBAA62-F117-496A-8778-FED3604B70E2}.Release|Any CPU.ActiveCfg = Release|Any CPU
		{5DEBAA62-F117-496A-8778-FED3604B70E2}.Release|Any CPU.Build.0 = Release|Any CPU
		{EC004F12-2F60-4EDD-B3CD-3A504900D929}.Debug|Any CPU.ActiveCfg = Debug|Any CPU
		{EC004F12-2F60-4EDD-B3CD-3A504900D929}.Debug|Any CPU.Build.0 = Debug|Any CPU
		{EC004F12-2F60-4EDD-B3CD-3A504900D929}.Publish|Any CPU.ActiveCfg = Publish|Any CPU
		{EC004F12-2F60-4EDD-B3CD-3A504900D929}.Publish|Any CPU.Build.0 = Publish|Any CPU
		{EC004F12-2F60-4EDD-B3CD-3A504900D929}.Release|Any CPU.ActiveCfg = Release|Any CPU
		{EC004F12-2F60-4EDD-B3CD-3A504900D929}.Release|Any CPU.Build.0 = Release|Any CPU
		{C9F957FA-A70F-4A6D-8F95-23FCD7F4FB87}.Debug|Any CPU.ActiveCfg = Debug|Any CPU
		{C9F957FA-A70F-4A6D-8F95-23FCD7F4FB87}.Debug|Any CPU.Build.0 = Debug|Any CPU
		{C9F957FA-A70F-4A6D-8F95-23FCD7F4FB87}.Publish|Any CPU.ActiveCfg = Publish|Any CPU
		{C9F957FA-A70F-4A6D-8F95-23FCD7F4FB87}.Publish|Any CPU.Build.0 = Publish|Any CPU
		{C9F957FA-A70F-4A6D-8F95-23FCD7F4FB87}.Release|Any CPU.ActiveCfg = Release|Any CPU
		{C9F957FA-A70F-4A6D-8F95-23FCD7F4FB87}.Release|Any CPU.Build.0 = Release|Any CPU
		{3720F5ED-FB4D-485E-8A93-CDE60DEF0805}.Debug|Any CPU.ActiveCfg = Debug|Any CPU
		{3720F5ED-FB4D-485E-8A93-CDE60DEF0805}.Debug|Any CPU.Build.0 = Debug|Any CPU
		{3720F5ED-FB4D-485E-8A93-CDE60DEF0805}.Publish|Any CPU.ActiveCfg = Debug|Any CPU
		{3720F5ED-FB4D-485E-8A93-CDE60DEF0805}.Publish|Any CPU.Build.0 = Debug|Any CPU
		{3720F5ED-FB4D-485E-8A93-CDE60DEF0805}.Release|Any CPU.ActiveCfg = Release|Any CPU
		{3720F5ED-FB4D-485E-8A93-CDE60DEF0805}.Release|Any CPU.Build.0 = Release|Any CPU
		{AFA81EB7-F869-467D-8A90-744305D80AAC}.Debug|Any CPU.ActiveCfg = Debug|Any CPU
		{AFA81EB7-F869-467D-8A90-744305D80AAC}.Debug|Any CPU.Build.0 = Debug|Any CPU
		{AFA81EB7-F869-467D-8A90-744305D80AAC}.Publish|Any CPU.ActiveCfg = Publish|Any CPU
		{AFA81EB7-F869-467D-8A90-744305D80AAC}.Publish|Any CPU.Build.0 = Publish|Any CPU
		{AFA81EB7-F869-467D-8A90-744305D80AAC}.Release|Any CPU.ActiveCfg = Release|Any CPU
		{AFA81EB7-F869-467D-8A90-744305D80AAC}.Release|Any CPU.Build.0 = Release|Any CPU
		{627742DB-1E52-468A-99BD-6FF1A542D25B}.Debug|Any CPU.ActiveCfg = Debug|Any CPU
		{627742DB-1E52-468A-99BD-6FF1A542D25B}.Debug|Any CPU.Build.0 = Debug|Any CPU
		{627742DB-1E52-468A-99BD-6FF1A542D25B}.Publish|Any CPU.ActiveCfg = Publish|Any CPU
		{627742DB-1E52-468A-99BD-6FF1A542D25B}.Publish|Any CPU.Build.0 = Publish|Any CPU
		{627742DB-1E52-468A-99BD-6FF1A542D25B}.Release|Any CPU.ActiveCfg = Release|Any CPU
		{627742DB-1E52-468A-99BD-6FF1A542D25B}.Release|Any CPU.Build.0 = Release|Any CPU
		{E3299033-EB81-4C4C-BCD9-E8DC40937969}.Debug|Any CPU.ActiveCfg = Debug|Any CPU
		{E3299033-EB81-4C4C-BCD9-E8DC40937969}.Debug|Any CPU.Build.0 = Debug|Any CPU
		{E3299033-EB81-4C4C-BCD9-E8DC40937969}.Publish|Any CPU.ActiveCfg = Publish|Any CPU
		{E3299033-EB81-4C4C-BCD9-E8DC40937969}.Publish|Any CPU.Build.0 = Publish|Any CPU
		{E3299033-EB81-4C4C-BCD9-E8DC40937969}.Release|Any CPU.ActiveCfg = Release|Any CPU
		{E3299033-EB81-4C4C-BCD9-E8DC40937969}.Release|Any CPU.Build.0 = Release|Any CPU
		{F51017A9-15C8-472D-893C-080046D710A6}.Debug|Any CPU.ActiveCfg = Debug|Any CPU
		{F51017A9-15C8-472D-893C-080046D710A6}.Debug|Any CPU.Build.0 = Debug|Any CPU
		{F51017A9-15C8-472D-893C-080046D710A6}.Publish|Any CPU.ActiveCfg = Release|Any CPU
		{F51017A9-15C8-472D-893C-080046D710A6}.Publish|Any CPU.Build.0 = Release|Any CPU
		{F51017A9-15C8-472D-893C-080046D710A6}.Release|Any CPU.ActiveCfg = Release|Any CPU
		{F51017A9-15C8-472D-893C-080046D710A6}.Release|Any CPU.Build.0 = Release|Any CPU
		{4D226C2F-AE9F-4EFB-AF2D-45C8FE5CB34E}.Debug|Any CPU.ActiveCfg = Debug|Any CPU
		{4D226C2F-AE9F-4EFB-AF2D-45C8FE5CB34E}.Debug|Any CPU.Build.0 = Debug|Any CPU
		{4D226C2F-AE9F-4EFB-AF2D-45C8FE5CB34E}.Publish|Any CPU.ActiveCfg = Publish|Any CPU
		{4D226C2F-AE9F-4EFB-AF2D-45C8FE5CB34E}.Publish|Any CPU.Build.0 = Publish|Any CPU
		{4D226C2F-AE9F-4EFB-AF2D-45C8FE5CB34E}.Release|Any CPU.ActiveCfg = Release|Any CPU
		{4D226C2F-AE9F-4EFB-AF2D-45C8FE5CB34E}.Release|Any CPU.Build.0 = Release|Any CPU
		{136823BE-8665-4D57-87E0-EF41535539E2}.Debug|Any CPU.ActiveCfg = Debug|Any CPU
		{136823BE-8665-4D57-87E0-EF41535539E2}.Debug|Any CPU.Build.0 = Debug|Any CPU
		{136823BE-8665-4D57-87E0-EF41535539E2}.Publish|Any CPU.ActiveCfg = Publish|Any CPU
		{136823BE-8665-4D57-87E0-EF41535539E2}.Publish|Any CPU.Build.0 = Publish|Any CPU
		{136823BE-8665-4D57-87E0-EF41535539E2}.Release|Any CPU.ActiveCfg = Release|Any CPU
		{136823BE-8665-4D57-87E0-EF41535539E2}.Release|Any CPU.Build.0 = Release|Any CPU
		{6AAB0620-33A1-4A98-A63B-6560B9BA47A4}.Debug|Any CPU.ActiveCfg = Debug|Any CPU
		{6AAB0620-33A1-4A98-A63B-6560B9BA47A4}.Debug|Any CPU.Build.0 = Debug|Any CPU
		{6AAB0620-33A1-4A98-A63B-6560B9BA47A4}.Publish|Any CPU.ActiveCfg = Publish|Any CPU
		{6AAB0620-33A1-4A98-A63B-6560B9BA47A4}.Publish|Any CPU.Build.0 = Publish|Any CPU
		{6AAB0620-33A1-4A98-A63B-6560B9BA47A4}.Release|Any CPU.ActiveCfg = Release|Any CPU
		{6AAB0620-33A1-4A98-A63B-6560B9BA47A4}.Release|Any CPU.Build.0 = Release|Any CPU
		{50FAE231-6F24-4779-9D02-12ABBC9A49E2}.Debug|Any CPU.ActiveCfg = Debug|Any CPU
		{50FAE231-6F24-4779-9D02-12ABBC9A49E2}.Debug|Any CPU.Build.0 = Debug|Any CPU
		{50FAE231-6F24-4779-9D02-12ABBC9A49E2}.Publish|Any CPU.ActiveCfg = Publish|Any CPU
		{50FAE231-6F24-4779-9D02-12ABBC9A49E2}.Publish|Any CPU.Build.0 = Publish|Any CPU
		{50FAE231-6F24-4779-9D02-12ABBC9A49E2}.Release|Any CPU.ActiveCfg = Release|Any CPU
		{50FAE231-6F24-4779-9D02-12ABBC9A49E2}.Release|Any CPU.Build.0 = Release|Any CPU
		{CF012BEB-B4CD-4743-8FEF-0C585F668C3D}.Debug|Any CPU.ActiveCfg = Debug|Any CPU
		{CF012BEB-B4CD-4743-8FEF-0C585F668C3D}.Debug|Any CPU.Build.0 = Debug|Any CPU
		{CF012BEB-B4CD-4743-8FEF-0C585F668C3D}.Publish|Any CPU.ActiveCfg = Debug|Any CPU
		{CF012BEB-B4CD-4743-8FEF-0C585F668C3D}.Publish|Any CPU.Build.0 = Debug|Any CPU
		{CF012BEB-B4CD-4743-8FEF-0C585F668C3D}.Release|Any CPU.ActiveCfg = Release|Any CPU
		{CF012BEB-B4CD-4743-8FEF-0C585F668C3D}.Release|Any CPU.Build.0 = Release|Any CPU
		{A44112DF-FB48-47B9-8445-106647B3B6F3}.Debug|Any CPU.ActiveCfg = Debug|Any CPU
		{A44112DF-FB48-47B9-8445-106647B3B6F3}.Debug|Any CPU.Build.0 = Debug|Any CPU
		{A44112DF-FB48-47B9-8445-106647B3B6F3}.Publish|Any CPU.ActiveCfg = Debug|Any CPU
		{A44112DF-FB48-47B9-8445-106647B3B6F3}.Publish|Any CPU.Build.0 = Debug|Any CPU
		{A44112DF-FB48-47B9-8445-106647B3B6F3}.Release|Any CPU.ActiveCfg = Release|Any CPU
		{A44112DF-FB48-47B9-8445-106647B3B6F3}.Release|Any CPU.Build.0 = Release|Any CPU
		{13423A6A-DFAF-4C62-A793-B5E922919345}.Debug|Any CPU.ActiveCfg = Debug|Any CPU
		{13423A6A-DFAF-4C62-A793-B5E922919345}.Debug|Any CPU.Build.0 = Debug|Any CPU
		{13423A6A-DFAF-4C62-A793-B5E922919345}.Publish|Any CPU.ActiveCfg = Publish|Any CPU
		{13423A6A-DFAF-4C62-A793-B5E922919345}.Publish|Any CPU.Build.0 = Publish|Any CPU
		{13423A6A-DFAF-4C62-A793-B5E922919345}.Release|Any CPU.ActiveCfg = Release|Any CPU
		{13423A6A-DFAF-4C62-A793-B5E922919345}.Release|Any CPU.Build.0 = Release|Any CPU
		{C64C8138-C3C2-484E-863C-9C0F71F52BAE}.Debug|Any CPU.ActiveCfg = Debug|Any CPU
		{C64C8138-C3C2-484E-863C-9C0F71F52BAE}.Debug|Any CPU.Build.0 = Debug|Any CPU
		{C64C8138-C3C2-484E-863C-9C0F71F52BAE}.Publish|Any CPU.ActiveCfg = Debug|Any CPU
		{C64C8138-C3C2-484E-863C-9C0F71F52BAE}.Publish|Any CPU.Build.0 = Debug|Any CPU
		{C64C8138-C3C2-484E-863C-9C0F71F52BAE}.Release|Any CPU.ActiveCfg = Release|Any CPU
		{C64C8138-C3C2-484E-863C-9C0F71F52BAE}.Release|Any CPU.Build.0 = Release|Any CPU
		{27E6E80B-6737-45F6-95AF-57138F72984F}.Debug|Any CPU.ActiveCfg = Debug|Any CPU
		{27E6E80B-6737-45F6-95AF-57138F72984F}.Debug|Any CPU.Build.0 = Debug|Any CPU
		{27E6E80B-6737-45F6-95AF-57138F72984F}.Publish|Any CPU.ActiveCfg = Publish|Any CPU
		{27E6E80B-6737-45F6-95AF-57138F72984F}.Publish|Any CPU.Build.0 = Publish|Any CPU
		{27E6E80B-6737-45F6-95AF-57138F72984F}.Release|Any CPU.ActiveCfg = Release|Any CPU
		{27E6E80B-6737-45F6-95AF-57138F72984F}.Release|Any CPU.Build.0 = Release|Any CPU
		{EF53BCC4-B8F5-412C-BDA6-88B594779FC6}.Debug|Any CPU.ActiveCfg = Debug|Any CPU
		{EF53BCC4-B8F5-412C-BDA6-88B594779FC6}.Debug|Any CPU.Build.0 = Debug|Any CPU
		{EF53BCC4-B8F5-412C-BDA6-88B594779FC6}.Publish|Any CPU.ActiveCfg = Publish|Any CPU
		{EF53BCC4-B8F5-412C-BDA6-88B594779FC6}.Publish|Any CPU.Build.0 = Publish|Any CPU
		{EF53BCC4-B8F5-412C-BDA6-88B594779FC6}.Release|Any CPU.ActiveCfg = Release|Any CPU
		{EF53BCC4-B8F5-412C-BDA6-88B594779FC6}.Release|Any CPU.Build.0 = Release|Any CPU
		{EEBEF566-B09D-4163-AD9A-2FB896C36DB4}.Debug|Any CPU.ActiveCfg = Debug|Any CPU
		{EEBEF566-B09D-4163-AD9A-2FB896C36DB4}.Debug|Any CPU.Build.0 = Debug|Any CPU
		{EEBEF566-B09D-4163-AD9A-2FB896C36DB4}.Publish|Any CPU.ActiveCfg = Publish|Any CPU
		{EEBEF566-B09D-4163-AD9A-2FB896C36DB4}.Publish|Any CPU.Build.0 = Publish|Any CPU
		{EEBEF566-B09D-4163-AD9A-2FB896C36DB4}.Release|Any CPU.ActiveCfg = Release|Any CPU
		{EEBEF566-B09D-4163-AD9A-2FB896C36DB4}.Release|Any CPU.Build.0 = Release|Any CPU
		{C2860156-9024-494C-AE85-AFDEAA26E502}.Debug|Any CPU.ActiveCfg = Debug|Any CPU
		{C2860156-9024-494C-AE85-AFDEAA26E502}.Debug|Any CPU.Build.0 = Debug|Any CPU
		{C2860156-9024-494C-AE85-AFDEAA26E502}.Publish|Any CPU.ActiveCfg = Publish|Any CPU
		{C2860156-9024-494C-AE85-AFDEAA26E502}.Publish|Any CPU.Build.0 = Publish|Any CPU
		{C2860156-9024-494C-AE85-AFDEAA26E502}.Release|Any CPU.ActiveCfg = Release|Any CPU
		{C2860156-9024-494C-AE85-AFDEAA26E502}.Release|Any CPU.Build.0 = Release|Any CPU
		{30ABFDD3-EB31-4631-AF1F-DFDFC51E8C12}.Debug|Any CPU.ActiveCfg = Debug|Any CPU
		{30ABFDD3-EB31-4631-AF1F-DFDFC51E8C12}.Debug|Any CPU.Build.0 = Debug|Any CPU
		{30ABFDD3-EB31-4631-AF1F-DFDFC51E8C12}.Publish|Any CPU.ActiveCfg = Publish|Any CPU
		{30ABFDD3-EB31-4631-AF1F-DFDFC51E8C12}.Publish|Any CPU.Build.0 = Publish|Any CPU
		{30ABFDD3-EB31-4631-AF1F-DFDFC51E8C12}.Release|Any CPU.ActiveCfg = Release|Any CPU
		{30ABFDD3-EB31-4631-AF1F-DFDFC51E8C12}.Release|Any CPU.Build.0 = Release|Any CPU
		{8F57B097-A3B4-4B29-B257-043CE4BFEFAF}.Debug|Any CPU.ActiveCfg = Debug|Any CPU
		{8F57B097-A3B4-4B29-B257-043CE4BFEFAF}.Debug|Any CPU.Build.0 = Debug|Any CPU
		{8F57B097-A3B4-4B29-B257-043CE4BFEFAF}.Publish|Any CPU.ActiveCfg = Debug|Any CPU
		{8F57B097-A3B4-4B29-B257-043CE4BFEFAF}.Publish|Any CPU.Build.0 = Debug|Any CPU
		{8F57B097-A3B4-4B29-B257-043CE4BFEFAF}.Release|Any CPU.ActiveCfg = Release|Any CPU
		{8F57B097-A3B4-4B29-B257-043CE4BFEFAF}.Release|Any CPU.Build.0 = Release|Any CPU
		{2B918298-8B1D-4757-A2F1-78229F66BC7E}.Debug|Any CPU.ActiveCfg = Debug|Any CPU
		{2B918298-8B1D-4757-A2F1-78229F66BC7E}.Debug|Any CPU.Build.0 = Debug|Any CPU
		{2B918298-8B1D-4757-A2F1-78229F66BC7E}.Publish|Any CPU.ActiveCfg = Publish|Any CPU
		{2B918298-8B1D-4757-A2F1-78229F66BC7E}.Publish|Any CPU.Build.0 = Publish|Any CPU
		{2B918298-8B1D-4757-A2F1-78229F66BC7E}.Release|Any CPU.ActiveCfg = Release|Any CPU
		{2B918298-8B1D-4757-A2F1-78229F66BC7E}.Release|Any CPU.Build.0 = Release|Any CPU
		{3F728098-4D09-4E7B-9526-AFAA2A2F62DF}.Debug|Any CPU.ActiveCfg = Debug|Any CPU
		{3F728098-4D09-4E7B-9526-AFAA2A2F62DF}.Debug|Any CPU.Build.0 = Debug|Any CPU
		{3F728098-4D09-4E7B-9526-AFAA2A2F62DF}.Publish|Any CPU.ActiveCfg = Debug|Any CPU
		{3F728098-4D09-4E7B-9526-AFAA2A2F62DF}.Publish|Any CPU.Build.0 = Debug|Any CPU
		{3F728098-4D09-4E7B-9526-AFAA2A2F62DF}.Release|Any CPU.ActiveCfg = Release|Any CPU
		{3F728098-4D09-4E7B-9526-AFAA2A2F62DF}.Release|Any CPU.Build.0 = Release|Any CPU
		{AD7BA307-3029-4DB0-9DBE-30D5098E5E4E}.Debug|Any CPU.ActiveCfg = Debug|Any CPU
		{AD7BA307-3029-4DB0-9DBE-30D5098E5E4E}.Debug|Any CPU.Build.0 = Debug|Any CPU
		{AD7BA307-3029-4DB0-9DBE-30D5098E5E4E}.Publish|Any CPU.ActiveCfg = Publish|Any CPU
		{AD7BA307-3029-4DB0-9DBE-30D5098E5E4E}.Publish|Any CPU.Build.0 = Publish|Any CPU
		{AD7BA307-3029-4DB0-9DBE-30D5098E5E4E}.Release|Any CPU.ActiveCfg = Release|Any CPU
		{AD7BA307-3029-4DB0-9DBE-30D5098E5E4E}.Release|Any CPU.Build.0 = Release|Any CPU
		{335C96F3-0920-4EED-AD25-F621B46BA66D}.Debug|Any CPU.ActiveCfg = Debug|Any CPU
		{335C96F3-0920-4EED-AD25-F621B46BA66D}.Debug|Any CPU.Build.0 = Debug|Any CPU
		{335C96F3-0920-4EED-AD25-F621B46BA66D}.Publish|Any CPU.ActiveCfg = Publish|Any CPU
		{335C96F3-0920-4EED-AD25-F621B46BA66D}.Publish|Any CPU.Build.0 = Publish|Any CPU
		{335C96F3-0920-4EED-AD25-F621B46BA66D}.Release|Any CPU.ActiveCfg = Release|Any CPU
		{335C96F3-0920-4EED-AD25-F621B46BA66D}.Release|Any CPU.Build.0 = Release|Any CPU
		{C7CA9729-6AD4-41D7-A9FA-4542FC12AAA6}.Debug|Any CPU.ActiveCfg = Debug|Any CPU
		{C7CA9729-6AD4-41D7-A9FA-4542FC12AAA6}.Debug|Any CPU.Build.0 = Debug|Any CPU
		{C7CA9729-6AD4-41D7-A9FA-4542FC12AAA6}.Publish|Any CPU.ActiveCfg = Publish|Any CPU
		{C7CA9729-6AD4-41D7-A9FA-4542FC12AAA6}.Publish|Any CPU.Build.0 = Publish|Any CPU
		{C7CA9729-6AD4-41D7-A9FA-4542FC12AAA6}.Release|Any CPU.ActiveCfg = Release|Any CPU
		{C7CA9729-6AD4-41D7-A9FA-4542FC12AAA6}.Release|Any CPU.Build.0 = Release|Any CPU
		{1311FD8D-EE6D-4B9E-9E71-228C9EACAD55}.Debug|Any CPU.ActiveCfg = Debug|Any CPU
		{1311FD8D-EE6D-4B9E-9E71-228C9EACAD55}.Debug|Any CPU.Build.0 = Debug|Any CPU
		{1311FD8D-EE6D-4B9E-9E71-228C9EACAD55}.Publish|Any CPU.ActiveCfg = Publish|Any CPU
		{1311FD8D-EE6D-4B9E-9E71-228C9EACAD55}.Publish|Any CPU.Build.0 = Publish|Any CPU
		{1311FD8D-EE6D-4B9E-9E71-228C9EACAD55}.Release|Any CPU.ActiveCfg = Release|Any CPU
		{1311FD8D-EE6D-4B9E-9E71-228C9EACAD55}.Release|Any CPU.Build.0 = Release|Any CPU
		{5994C7FB-B10D-4DD1-B08B-4D93F361C115}.Debug|Any CPU.ActiveCfg = Debug|Any CPU
		{5994C7FB-B10D-4DD1-B08B-4D93F361C115}.Debug|Any CPU.Build.0 = Debug|Any CPU
		{5994C7FB-B10D-4DD1-B08B-4D93F361C115}.Publish|Any CPU.ActiveCfg = Publish|Any CPU
		{5994C7FB-B10D-4DD1-B08B-4D93F361C115}.Publish|Any CPU.Build.0 = Publish|Any CPU
		{5994C7FB-B10D-4DD1-B08B-4D93F361C115}.Release|Any CPU.ActiveCfg = Release|Any CPU
		{5994C7FB-B10D-4DD1-B08B-4D93F361C115}.Release|Any CPU.Build.0 = Release|Any CPU
		{38C309A2-D21D-462E-AA69-39BCFA4F917C}.Debug|Any CPU.ActiveCfg = Debug|Any CPU
		{38C309A2-D21D-462E-AA69-39BCFA4F917C}.Debug|Any CPU.Build.0 = Debug|Any CPU
		{38C309A2-D21D-462E-AA69-39BCFA4F917C}.Publish|Any CPU.ActiveCfg = Publish|Any CPU
		{38C309A2-D21D-462E-AA69-39BCFA4F917C}.Publish|Any CPU.Build.0 = Publish|Any CPU
		{38C309A2-D21D-462E-AA69-39BCFA4F917C}.Release|Any CPU.ActiveCfg = Release|Any CPU
		{38C309A2-D21D-462E-AA69-39BCFA4F917C}.Release|Any CPU.Build.0 = Release|Any CPU
		{7DA420D2-4397-4F1A-AF62-106371CDCDF8}.Debug|Any CPU.ActiveCfg = Debug|Any CPU
		{7DA420D2-4397-4F1A-AF62-106371CDCDF8}.Debug|Any CPU.Build.0 = Debug|Any CPU
		{7DA420D2-4397-4F1A-AF62-106371CDCDF8}.Publish|Any CPU.ActiveCfg = Debug|Any CPU
		{7DA420D2-4397-4F1A-AF62-106371CDCDF8}.Publish|Any CPU.Build.0 = Debug|Any CPU
		{7DA420D2-4397-4F1A-AF62-106371CDCDF8}.Release|Any CPU.ActiveCfg = Release|Any CPU
		{7DA420D2-4397-4F1A-AF62-106371CDCDF8}.Release|Any CPU.Build.0 = Release|Any CPU
		{DF8D8A2D-4E84-43DA-BF02-F715E1482B41}.Debug|Any CPU.ActiveCfg = Debug|Any CPU
		{DF8D8A2D-4E84-43DA-BF02-F715E1482B41}.Debug|Any CPU.Build.0 = Debug|Any CPU
		{DF8D8A2D-4E84-43DA-BF02-F715E1482B41}.Publish|Any CPU.ActiveCfg = Debug|Any CPU
		{DF8D8A2D-4E84-43DA-BF02-F715E1482B41}.Publish|Any CPU.Build.0 = Debug|Any CPU
		{DF8D8A2D-4E84-43DA-BF02-F715E1482B41}.Release|Any CPU.ActiveCfg = Release|Any CPU
		{DF8D8A2D-4E84-43DA-BF02-F715E1482B41}.Release|Any CPU.Build.0 = Release|Any CPU
		{2DBC6065-2F7C-4366-B61A-F10E04F53E66}.Debug|Any CPU.ActiveCfg = Debug|Any CPU
		{2DBC6065-2F7C-4366-B61A-F10E04F53E66}.Debug|Any CPU.Build.0 = Debug|Any CPU
		{2DBC6065-2F7C-4366-B61A-F10E04F53E66}.Publish|Any CPU.ActiveCfg = Debug|Any CPU
		{2DBC6065-2F7C-4366-B61A-F10E04F53E66}.Publish|Any CPU.Build.0 = Debug|Any CPU
		{2DBC6065-2F7C-4366-B61A-F10E04F53E66}.Release|Any CPU.ActiveCfg = Release|Any CPU
		{2DBC6065-2F7C-4366-B61A-F10E04F53E66}.Release|Any CPU.Build.0 = Release|Any CPU
		{882089BB-4F38-4D2B-BCDA-6A545B6B62FA}.Debug|Any CPU.ActiveCfg = Debug|Any CPU
		{882089BB-4F38-4D2B-BCDA-6A545B6B62FA}.Debug|Any CPU.Build.0 = Debug|Any CPU
		{882089BB-4F38-4D2B-BCDA-6A545B6B62FA}.Publish|Any CPU.ActiveCfg = Debug|Any CPU
		{882089BB-4F38-4D2B-BCDA-6A545B6B62FA}.Publish|Any CPU.Build.0 = Debug|Any CPU
		{882089BB-4F38-4D2B-BCDA-6A545B6B62FA}.Release|Any CPU.ActiveCfg = Release|Any CPU
		{882089BB-4F38-4D2B-BCDA-6A545B6B62FA}.Release|Any CPU.Build.0 = Release|Any CPU
		{3459418B-8590-472E-B14F-BA37F263CCD6}.Debug|Any CPU.ActiveCfg = Debug|Any CPU
		{3459418B-8590-472E-B14F-BA37F263CCD6}.Debug|Any CPU.Build.0 = Debug|Any CPU
		{3459418B-8590-472E-B14F-BA37F263CCD6}.Publish|Any CPU.ActiveCfg = Debug|Any CPU
		{3459418B-8590-472E-B14F-BA37F263CCD6}.Publish|Any CPU.Build.0 = Debug|Any CPU
		{3459418B-8590-472E-B14F-BA37F263CCD6}.Release|Any CPU.ActiveCfg = Release|Any CPU
		{3459418B-8590-472E-B14F-BA37F263CCD6}.Release|Any CPU.Build.0 = Release|Any CPU
	EndGlobalSection
	GlobalSection(SolutionProperties) = preSolution
		HideSolutionNode = FALSE
	EndGlobalSection
	GlobalSection(NestedProjects) = preSolution
		{E4B777A1-28E1-41BE-96AE-7F3EC61FD5D4} = {831DDCA2-7D2C-4C31-80DB-6BDB3E1F7AE0}
		{37E39C68-5A40-4E63-9D3C-0C66AD98DFCB} = {831DDCA2-7D2C-4C31-80DB-6BDB3E1F7AE0}
		{F4243136-252A-4459-A7C4-EE8C056D6B0B} = {158A4E5E-AEE0-4D60-83C7-8E089B2D881D}
		{0247C2C9-86C3-45BA-8873-28B0948EDC0C} = {831DDCA2-7D2C-4C31-80DB-6BDB3E1F7AE0}
		{EB3FC57F-E591-4C88-BCD5-B6A1BC635168} = {0247C2C9-86C3-45BA-8873-28B0948EDC0C}
		{5DEBAA62-F117-496A-8778-FED3604B70E2} = {0247C2C9-86C3-45BA-8873-28B0948EDC0C}
		{EC004F12-2F60-4EDD-B3CD-3A504900D929} = {0247C2C9-86C3-45BA-8873-28B0948EDC0C}
		{C9F957FA-A70F-4A6D-8F95-23FCD7F4FB87} = {0247C2C9-86C3-45BA-8873-28B0948EDC0C}
		{3720F5ED-FB4D-485E-8A93-CDE60DEF0805} = {0247C2C9-86C3-45BA-8873-28B0948EDC0C}
		{AFA81EB7-F869-467D-8A90-744305D80AAC} = {0247C2C9-86C3-45BA-8873-28B0948EDC0C}
		{627742DB-1E52-468A-99BD-6FF1A542D25B} = {831DDCA2-7D2C-4C31-80DB-6BDB3E1F7AE0}
		{E3299033-EB81-4C4C-BCD9-E8DC40937969} = {831DDCA2-7D2C-4C31-80DB-6BDB3E1F7AE0}
		{078F96B4-09E1-4E0E-B214-F71A4F4BF633} = {831DDCA2-7D2C-4C31-80DB-6BDB3E1F7AE0}
		{F51017A9-15C8-472D-893C-080046D710A6} = {078F96B4-09E1-4E0E-B214-F71A4F4BF633}
		{4D226C2F-AE9F-4EFB-AF2D-45C8FE5CB34E} = {0247C2C9-86C3-45BA-8873-28B0948EDC0C}
		{136823BE-8665-4D57-87E0-EF41535539E2} = {0247C2C9-86C3-45BA-8873-28B0948EDC0C}
		{4D3DAE63-41C6-4E1C-A35A-E77BDFC40675} = {831DDCA2-7D2C-4C31-80DB-6BDB3E1F7AE0}
		{6AAB0620-33A1-4A98-A63B-6560B9BA47A4} = {0247C2C9-86C3-45BA-8873-28B0948EDC0C}
		{50FAE231-6F24-4779-9D02-12ABBC9A49E2} = {0247C2C9-86C3-45BA-8873-28B0948EDC0C}
		{5C246969-D794-4EC3-8E8F-F90D4D166420} = {4D3DAE63-41C6-4E1C-A35A-E77BDFC40675}
		{958AD708-F048-4FAF-94ED-D2F2B92748B9} = {4D3DAE63-41C6-4E1C-A35A-E77BDFC40675}
		{29E7D971-1308-4171-9872-E8E4669A1134} = {958AD708-F048-4FAF-94ED-D2F2B92748B9}
		{B00AD427-0047-4850-BEF9-BA8237EA9D8B} = {958AD708-F048-4FAF-94ED-D2F2B92748B9}
		{DB950192-30F1-48B1-88D7-F43FECCA1A1C} = {958AD708-F048-4FAF-94ED-D2F2B92748B9}
		{1C19D805-3573-4477-BF07-40180FCDE1BD} = {958AD708-F048-4FAF-94ED-D2F2B92748B9}
		{13423A6A-DFAF-4C62-A793-B5E922919345} = {831DDCA2-7D2C-4C31-80DB-6BDB3E1F7AE0}
		{C64C8138-C3C2-484E-863C-9C0F71F52BAE} = {FA3720F1-C99A-49B2-9577-A940257098BF}
		{27E6E80B-6737-45F6-95AF-57138F72984F} = {078F96B4-09E1-4E0E-B214-F71A4F4BF633}
		{F378D578-3C00-459B-9B2E-3D8D70FF09D2} = {831DDCA2-7D2C-4C31-80DB-6BDB3E1F7AE0}
		{EF53BCC4-B8F5-412C-BDA6-88B594779FC6} = {F378D578-3C00-459B-9B2E-3D8D70FF09D2}
		{EEBEF566-B09D-4163-AD9A-2FB896C36DB4} = {F378D578-3C00-459B-9B2E-3D8D70FF09D2}
		{C2860156-9024-494C-AE85-AFDEAA26E502} = {F378D578-3C00-459B-9B2E-3D8D70FF09D2}
		{30ABFDD3-EB31-4631-AF1F-DFDFC51E8C12} = {F378D578-3C00-459B-9B2E-3D8D70FF09D2}
		{8F57B097-A3B4-4B29-B257-043CE4BFEFAF} = {F378D578-3C00-459B-9B2E-3D8D70FF09D2}
		{C58074BF-81F7-43F0-9CE0-7C19B2A890F7} = {4D3DAE63-41C6-4E1C-A35A-E77BDFC40675}
		{4576E111-661C-4980-AB8B-54EF65ECCA72} = {831DDCA2-7D2C-4C31-80DB-6BDB3E1F7AE0}
		{2B918298-8B1D-4757-A2F1-78229F66BC7E} = {4576E111-661C-4980-AB8B-54EF65ECCA72}
		{3F728098-4D09-4E7B-9526-AFAA2A2F62DF} = {4576E111-661C-4980-AB8B-54EF65ECCA72}
		{AD7BA307-3029-4DB0-9DBE-30D5098E5E4E} = {4576E111-661C-4980-AB8B-54EF65ECCA72}
		{64BE349D-4B0F-4EE1-A986-EDC5E0C5E963} = {831DDCA2-7D2C-4C31-80DB-6BDB3E1F7AE0}
		{335C96F3-0920-4EED-AD25-F621B46BA66D} = {64BE349D-4B0F-4EE1-A986-EDC5E0C5E963}
		{C7CA9729-6AD4-41D7-A9FA-4542FC12AAA6} = {64BE349D-4B0F-4EE1-A986-EDC5E0C5E963}
		{1311FD8D-EE6D-4B9E-9E71-228C9EACAD55} = {64BE349D-4B0F-4EE1-A986-EDC5E0C5E963}
		{5994C7FB-B10D-4DD1-B08B-4D93F361C115} = {64BE349D-4B0F-4EE1-A986-EDC5E0C5E963}
		{38C309A2-D21D-462E-AA69-39BCFA4F917C} = {64BE349D-4B0F-4EE1-A986-EDC5E0C5E963}
		{7DA420D2-4397-4F1A-AF62-106371CDCDF8} = {64BE349D-4B0F-4EE1-A986-EDC5E0C5E963}
		{DF8D8A2D-4E84-43DA-BF02-F715E1482B41} = {FA3720F1-C99A-49B2-9577-A940257098BF}
		{2DBC6065-2F7C-4366-B61A-F10E04F53E66} = {FA3720F1-C99A-49B2-9577-A940257098BF}
		{F027168C-B4FF-45B8-8C29-A599763EA245} = {FA3720F1-C99A-49B2-9577-A940257098BF}
		{882089BB-4F38-4D2B-BCDA-6A545B6B62FA} = {F027168C-B4FF-45B8-8C29-A599763EA245}
		{3459418B-8590-472E-B14F-BA37F263CCD6} = {F027168C-B4FF-45B8-8C29-A599763EA245}
	EndGlobalSection
	GlobalSection(ExtensibilityGlobals) = postSolution
		SolutionGuid = {FBDC56A3-86AD-4323-AA0F-201E59123B83}
	EndGlobalSection
EndGlobal
